
Microsoft Visual Studio Solution File, Format Version 12.00
# Visual Studio Version 17
VisualStudioVersion = 17.11.35327.3
MinimumVisualStudioVersion = 10.0.40219.1
Project("{9A19103F-16F7-4668-BE54-9A1E7A4F7556}") = "ColorMapper", "ColorMapper\ColorMapper.csproj", "{68CE53A1-8454-4350-988D-B006FA447084}"
EndProject
Global
	GlobalSection(SolutionConfigurationPlatforms) = preSolution
		Debug|Any CPU = Debug|Any CPU
		Release|Any CPU = Release|Any CPU
	EndGlobalSection
	GlobalSection(ProjectConfigurationPlatforms) = postSolution
		{68CE53A1-8454-4350-988D-B006FA447084}.Debug|Any CPU.ActiveCfg = Debug|Any CPU
		{68CE53A1-8454-4350-988D-B006FA447084}.Debug|Any CPU.Build.0 = Debug|Any CPU
		{68CE53A1-8454-4350-988D-B006FA447084}.Release|Any CPU.ActiveCfg = Release|Any CPU
		{68CE53A1-8454-4350-988D-B006FA447084}.Release|Any CPU.Build.0 = Release|Any CPU
	EndGlobalSection
	GlobalSection(SolutionProperties) = preSolution
		HideSolutionNode = FALSE
	EndGlobalSection
	GlobalSection(ExtensibilityGlobals) = postSolution
		SolutionGuid = {4D4C3B8E-2E61-4198-BF1C-84FA352ECC82}
	EndGlobalSection
EndGlobal
